github.com/freightcms/common/models v1.1.0 h1:NbujQ45NUDck6tR3ZC79JFz5xclWGkX086FNyRbTy/Y=
github.com/freightcms/common/models v1.1.0/go.mod h1:EgclrPIgkbQ6ZpraNVO2h3mU7S9IniQB+Wb2gT3a508=
github.com/freightcms/locations/models v1.0.2 h1:zHGJLDNuS6WjK0PJlzBvsWjsi9rofcDYLOXf0tNlODM=
github.com/freightcms/locations/models v1.0.2/go.mod h1:90bnwGKbUNDT/hoLAV5DTvw+allCdbDYHeQXLElE914=
github.com/freightcms/locations/models v1.1.0 h1:ikfH2gRj7pxCERuhh0Nq4Yvyrl/RlrgIMnfvy7qRzfk=
github.com/freightcms/locations/models v1.1.0/go.mod h1:90bnwGKbUNDT/hoLAV5DTvw+allCdbDYHeQXLElE914=
github.com/squishedfox/organization-webservice/models v0.0.0-20240903021310-905bc15bc663 h1:ToNX9znlqrBHTWvpDCn8fU4TPCkme2KwEqmWb5lnEew=
github.com/squishedfox/organization-webservice/models v0.0.0-20240903021310-905bc15bc663/go.mod h1:TrOoZ25v8b3Z2kA8dtxNvp6tT2D7gI0doLXBciyfH/8=
